// !$*UTF8*$!
{
	archiveVersion = 1;
	classes = {
	};
	objectVersion = 46;
	objects = {

/* Begin PBXBuildFile section */
		8EB80DC91AEFFEF9005DF145 /* main.m in Sources */ = {isa = PBXBuildFile; fileRef = 8EB80DC81AEFFEF9005DF145 /* main.m */; };
		8EB80DCC1AEFFEF9005DF145 /* AppDelegate.m in Sources */ = {isa = PBXBuildFile; fileRef = 8EB80DCB1AEFFEF9005DF145 /* AppDelegate.m */; };
		8EB80DD21AEFFEF9005DF145 /* Main.storyboard in Resources */ = {isa = PBXBuildFile; fileRef = 8EB80DD01AEFFEF9005DF145 /* Main.storyboard */; };
		8EB80DD41AEFFEF9005DF145 /* Images.xcassets in Resources */ = {isa = PBXBuildFile; fileRef = 8EB80DD31AEFFEF9005DF145 /* Images.xcassets */; };
		8EB80DD71AEFFEF9005DF145 /* LaunchScreen.xib in Resources */ = {isa = PBXBuildFile; fileRef = 8EB80DD51AEFFEF9005DF145 /* LaunchScreen.xib */; };
		8EB80DE31AEFFEF9005DF145 /* TimpleReaderTests.m in Sources */ = {isa = PBXBuildFile; fileRef = 8EB80DE21AEFFEF9005DF145 /* TimpleReaderTests.m */; };
		8EB80DEF1AEFFF2B005DF145 /* TSONew.m in Sources */ = {isa = PBXBuildFile; fileRef = 8EB80DEE1AEFFF2B005DF145 /* TSONew.m */; };
		8EB80DF91AEFFFFB005DF145 /* WindowsAzureMobileServices.framework in Frameworks */ = {isa = PBXBuildFile; fileRef = 8EB80DF81AEFFFFB005DF145 /* WindowsAzureMobileServices.framework */; };
		8EB80DFC1AF000FE005DF145 /* TSONewsTableViewController.m in Sources */ = {isa = PBXBuildFile; fileRef = 8EB80DFB1AF000FE005DF145 /* TSONewsTableViewController.m */; };
		8EB80E001AF00214005DF145 /* nophoto.png in Resources */ = {isa = PBXBuildFile; fileRef = 8EB80DFE1AF00214005DF145 /* nophoto.png */; };
		8EB80E011AF00214005DF145 /* no_photo_cell.png in Resources */ = {isa = PBXBuildFile; fileRef = 8EB80DFF1AF00214005DF145 /* no_photo_cell.png */; };
		8EB80E041AF0D4F9005DF145 /* TSONewViewController.m in Sources */ = {isa = PBXBuildFile; fileRef = 8EB80E031AF0D4F9005DF145 /* TSONewViewController.m */; };
		8EB80E061AF14280005DF145 /* CoreData.framework in Frameworks */ = {isa = PBXBuildFile; fileRef = 8EB80E051AF14280005DF145 /* CoreData.framework */; };
		8EB80E141AF14319005DF145 /* libAdIdAccess.a in Frameworks */ = {isa = PBXBuildFile; fileRef = 8EB80E121AF14319005DF145 /* libAdIdAccess.a */; };
		8EB80E151AF14319005DF145 /* libGoogleAnalyticsServices.a in Frameworks */ = {isa = PBXBuildFile; fileRef = 8EB80E131AF14319005DF145 /* libGoogleAnalyticsServices.a */; };
		8EB80E171AF14348005DF145 /* SystemConfiguration.framework in Frameworks */ = {isa = PBXBuildFile; fileRef = 8EB80E161AF14348005DF145 /* SystemConfiguration.framework */; };
		8EB80E191AF14361005DF145 /* libz.dylib in Frameworks */ = {isa = PBXBuildFile; fileRef = 8EB80E181AF14361005DF145 /* libz.dylib */; };
		8EB80E1B1AF14375005DF145 /* libsqlite3.dylib in Frameworks */ = {isa = PBXBuildFile; fileRef = 8EB80E1A1AF14375005DF145 /* libsqlite3.dylib */; };
/* End PBXBuildFile section */

/* Begin PBXContainerItemProxy section */
		8EB80DDD1AEFFEF9005DF145 /* PBXContainerItemProxy */ = {
			isa = PBXContainerItemProxy;
			containerPortal = 8EB80DBB1AEFFEF9005DF145 /* Project object */;
			proxyType = 1;
			remoteGlobalIDString = 8EB80DC21AEFFEF9005DF145;
			remoteInfo = TimpleReader;
		};
/* End PBXContainerItemProxy section */

/* Begin PBXFileReference section */
		8EB80DC31AEFFEF9005DF145 /* TimpleReader.app */ = {isa = PBXFileReference; explicitFileType = wrapper.application; includeInIndex = 0; path = TimpleReader.app; sourceTree = BUILT_PRODUCTS_DIR; };
		8EB80DC71AEFFEF9005DF145 /* Info.plist */ = {isa = PBXFileReference; lastKnownFileType = text.plist.xml; path = Info.plist; sourceTree = "<group>"; };
		8EB80DC81AEFFEF9005DF145 /* main.m */ = {isa = PBXFileReference; lastKnownFileType = sourcecode.c.objc; path = main.m; sourceTree = "<group>"; };
		8EB80DCA1AEFFEF9005DF145 /* AppDelegate.h */ = {isa = PBXFileReference; lastKnownFileType = sourcecode.c.h; path = AppDelegate.h; sourceTree = "<group>"; };
		8EB80DCB1AEFFEF9005DF145 /* AppDelegate.m */ = {isa = PBXFileReference; lastKnownFileType = sourcecode.c.objc; path = AppDelegate.m; sourceTree = "<group>"; };
		8EB80DD11AEFFEF9005DF145 /* Base */ = {isa = PBXFileReference; lastKnownFileType = file.storyboard; name = Base; path = Base.lproj/Main.storyboard; sourceTree = "<group>"; };
		8EB80DD31AEFFEF9005DF145 /* Images.xcassets */ = {isa = PBXFileReference; lastKnownFileType = folder.assetcatalog; path = Images.xcassets; sourceTree = "<group>"; };
		8EB80DD61AEFFEF9005DF145 /* Base */ = {isa = PBXFileReference; lastKnownFileType = file.xib; name = Base; path = Base.lproj/LaunchScreen.xib; sourceTree = "<group>"; };
		8EB80DDC1AEFFEF9005DF145 /* TimpleReaderTests.xctest */ = {isa = PBXFileReference; explicitFileType = wrapper.cfbundle; includeInIndex = 0; path = TimpleReaderTests.xctest; sourceTree = BUILT_PRODUCTS_DIR; };
		8EB80DE11AEFFEF9005DF145 /* Info.plist */ = {isa = PBXFileReference; lastKnownFileType = text.plist.xml; path = Info.plist; sourceTree = "<group>"; };
		8EB80DE21AEFFEF9005DF145 /* TimpleReaderTests.m */ = {isa = PBXFileReference; lastKnownFileType = sourcecode.c.objc; path = TimpleReaderTests.m; sourceTree = "<group>"; };
		8EB80DED1AEFFF2B005DF145 /* TSONew.h */ = {isa = PBXFileReference; fileEncoding = 4; lastKnownFileType = sourcecode.c.h; path = TSONew.h; sourceTree = "<group>"; };
		8EB80DEE1AEFFF2B005DF145 /* TSONew.m */ = {isa = PBXFileReference; fileEncoding = 4; lastKnownFileType = sourcecode.c.objc; path = TSONew.m; sourceTree = "<group>"; };
		8EB80DF71AEFFF52005DF145 /* Settings.h */ = {isa = PBXFileReference; lastKnownFileType = sourcecode.c.h; path = Settings.h; sourceTree = "<group>"; };
		8EB80DF81AEFFFFB005DF145 /* WindowsAzureMobileServices.framework */ = {isa = PBXFileReference; lastKnownFileType = wrapper.framework; path = WindowsAzureMobileServices.framework; sourceTree = "<group>"; };
		8EB80DFA1AF000FE005DF145 /* TSONewsTableViewController.h */ = {isa = PBXFileReference; fileEncoding = 4; lastKnownFileType = sourcecode.c.h; path = TSONewsTableViewController.h; sourceTree = "<group>"; };
		8EB80DFB1AF000FE005DF145 /* TSONewsTableViewController.m */ = {isa = PBXFileReference; fileEncoding = 4; lastKnownFileType = sourcecode.c.objc; path = TSONewsTableViewController.m; sourceTree = "<group>"; };
		8EB80DFE1AF00214005DF145 /* nophoto.png */ = {isa = PBXFileReference; lastKnownFileType = image.png; path = nophoto.png; sourceTree = "<group>"; };
		8EB80DFF1AF00214005DF145 /* no_photo_cell.png */ = {isa = PBXFileReference; lastKnownFileType = image.png; path = no_photo_cell.png; sourceTree = "<group>"; };
		8EB80E021AF0D4F9005DF145 /* TSONewViewController.h */ = {isa = PBXFileReference; fileEncoding = 4; lastKnownFileType = sourcecode.c.h; path = TSONewViewController.h; sourceTree = "<group>"; };
		8EB80E031AF0D4F9005DF145 /* TSONewViewController.m */ = {isa = PBXFileReference; fileEncoding = 4; lastKnownFileType = sourcecode.c.objc; path = TSONewViewController.m; sourceTree = "<group>"; };
		8EB80E051AF14280005DF145 /* CoreData.framework */ = {isa = PBXFileReference; lastKnownFileType = wrapper.framework; name = CoreData.framework; path = System/Library/Frameworks/CoreData.framework; sourceTree = SDKROOT; };
		8EB80E081AF142EF005DF145 /* GAI.h */ = {isa = PBXFileReference; fileEncoding = 4; lastKnownFileType = sourcecode.c.h; path = GAI.h; sourceTree = "<group>"; };
		8EB80E091AF142EF005DF145 /* GAIDictionaryBuilder.h */ = {isa = PBXFileReference; fileEncoding = 4; lastKnownFileType = sourcecode.c.h; path = GAIDictionaryBuilder.h; sourceTree = "<group>"; };
		8EB80E0A1AF142EF005DF145 /* GAIEcommerceFields.h */ = {isa = PBXFileReference; fileEncoding = 4; lastKnownFileType = sourcecode.c.h; path = GAIEcommerceFields.h; sourceTree = "<group>"; };
		8EB80E0B1AF142EF005DF145 /* GAIEcommerceProduct.h */ = {isa = PBXFileReference; fileEncoding = 4; lastKnownFileType = sourcecode.c.h; path = GAIEcommerceProduct.h; sourceTree = "<group>"; };
		8EB80E0C1AF142EF005DF145 /* GAIEcommerceProductAction.h */ = {isa = PBXFileReference; fileEncoding = 4; lastKnownFileType = sourcecode.c.h; path = GAIEcommerceProductAction.h; sourceTree = "<group>"; };
		8EB80E0D1AF142EF005DF145 /* GAIEcommercePromotion.h */ = {isa = PBXFileReference; fileEncoding = 4; lastKnownFileType = sourcecode.c.h; path = GAIEcommercePromotion.h; sourceTree = "<group>"; };
		8EB80E0E1AF142EF005DF145 /* GAIFields.h */ = {isa = PBXFileReference; fileEncoding = 4; lastKnownFileType = sourcecode.c.h; path = GAIFields.h; sourceTree = "<group>"; };
		8EB80E0F1AF142EF005DF145 /* GAILogger.h */ = {isa = PBXFileReference; fileEncoding = 4; lastKnownFileType = sourcecode.c.h; path = GAILogger.h; sourceTree = "<group>"; };
		8EB80E101AF142EF005DF145 /* GAITrackedViewController.h */ = {isa = PBXFileReference; fileEncoding = 4; lastKnownFileType = sourcecode.c.h; path = GAITrackedViewController.h; sourceTree = "<group>"; };
		8EB80E111AF142EF005DF145 /* GAITracker.h */ = {isa = PBXFileReference; fileEncoding = 4; lastKnownFileType = sourcecode.c.h; path = GAITracker.h; sourceTree = "<group>"; };
		8EB80E121AF14319005DF145 /* libAdIdAccess.a */ = {isa = PBXFileReference; lastKnownFileType = archive.ar; path = libAdIdAccess.a; sourceTree = "<group>"; };
		8EB80E131AF14319005DF145 /* libGoogleAnalyticsServices.a */ = {isa = PBXFileReference; lastKnownFileType = archive.ar; path = libGoogleAnalyticsServices.a; sourceTree = "<group>"; };
		8EB80E161AF14348005DF145 /* SystemConfiguration.framework */ = {isa = PBXFileReference; lastKnownFileType = wrapper.framework; name = SystemConfiguration.framework; path = System/Library/Frameworks/SystemConfiguration.framework; sourceTree = SDKROOT; };
		8EB80E181AF14361005DF145 /* libz.dylib */ = {isa = PBXFileReference; lastKnownFileType = "compiled.mach-o.dylib"; name = libz.dylib; path = usr/lib/libz.dylib; sourceTree = SDKROOT; };
		8EB80E1A1AF14375005DF145 /* libsqlite3.dylib */ = {isa = PBXFileReference; lastKnownFileType = "compiled.mach-o.dylib"; name = libsqlite3.dylib; path = usr/lib/libsqlite3.dylib; sourceTree = SDKROOT; };
/* End PBXFileReference section */

/* Begin PBXFrameworksBuildPhase section */
		8EB80DC01AEFFEF9005DF145 /* Frameworks */ = {
			isa = PBXFrameworksBuildPhase;
			buildActionMask = 2147483647;
			files = (
				8EB80E1B1AF14375005DF145 /* libsqlite3.dylib in Frameworks */,
				8EB80E191AF14361005DF145 /* libz.dylib in Frameworks */,
				8EB80E171AF14348005DF145 /* SystemConfiguration.framework in Frameworks */,
				8EB80E061AF14280005DF145 /* CoreData.framework in Frameworks */,
				8EB80E141AF14319005DF145 /* libAdIdAccess.a in Frameworks */,
				8EB80DF91AEFFFFB005DF145 /* WindowsAzureMobileServices.framework in Frameworks */,
				8EB80E151AF14319005DF145 /* libGoogleAnalyticsServices.a in Frameworks */,
			);
			runOnlyForDeploymentPostprocessing = 0;
		};
		8EB80DD91AEFFEF9005DF145 /* Frameworks */ = {
			isa = PBXFrameworksBuildPhase;
			buildActionMask = 2147483647;
			files = (
			);
			runOnlyForDeploymentPostprocessing = 0;
		};
/* End PBXFrameworksBuildPhase section */

/* Begin PBXGroup section */
		8EB80DBA1AEFFEF9005DF145 = {
			isa = PBXGroup;
			children = (
				8EB80E1A1AF14375005DF145 /* libsqlite3.dylib */,
				8EB80E181AF14361005DF145 /* libz.dylib */,
				8EB80E161AF14348005DF145 /* SystemConfiguration.framework */,
				8EB80E071AF142C5005DF145 /* GA Resources */,
				8EB80E051AF14280005DF145 /* CoreData.framework */,
				8EB80DC51AEFFEF9005DF145 /* TimpleReader */,
				8EB80DDF1AEFFEF9005DF145 /* TimpleReaderTests */,
				8EB80DC41AEFFEF9005DF145 /* Products */,
				8EB80DF81AEFFFFB005DF145 /* WindowsAzureMobileServices.framework */,
			);
			sourceTree = "<group>";
		};
		8EB80DC41AEFFEF9005DF145 /* Products */ = {
			isa = PBXGroup;
			children = (
				8EB80DC31AEFFEF9005DF145 /* TimpleReader.app */,
				8EB80DDC1AEFFEF9005DF145 /* TimpleReaderTests.xctest */,
			);
			name = Products;
			sourceTree = "<group>";
		};
		8EB80DC51AEFFEF9005DF145 /* TimpleReader */ = {
			isa = PBXGroup;
			children = (
				8EB80DFD1AF001FD005DF145 /* Resources */,
				8EB80DF71AEFFF52005DF145 /* Settings.h */,
				8EB80DCA1AEFFEF9005DF145 /* AppDelegate.h */,
				8EB80DCB1AEFFEF9005DF145 /* AppDelegate.m */,
				8EB80DF01AEFFF30005DF145 /* Controllers */,
				8EB80DEC1AEFFF20005DF145 /* Models */,
				8EB80DD01AEFFEF9005DF145 /* Main.storyboard */,
				8EB80DD31AEFFEF9005DF145 /* Images.xcassets */,
				8EB80DD51AEFFEF9005DF145 /* LaunchScreen.xib */,
				8EB80DC61AEFFEF9005DF145 /* Supporting Files */,
			);
			path = TimpleReader;
			sourceTree = "<group>";
		};
		8EB80DC61AEFFEF9005DF145 /* Supporting Files */ = {
			isa = PBXGroup;
			children = (
				8EB80DC71AEFFEF9005DF145 /* Info.plist */,
				8EB80DC81AEFFEF9005DF145 /* main.m */,
			);
			name = "Supporting Files";
			sourceTree = "<group>";
		};
		8EB80DDF1AEFFEF9005DF145 /* TimpleReaderTests */ = {
			isa = PBXGroup;
			children = (
				8EB80DE21AEFFEF9005DF145 /* TimpleReaderTests.m */,
				8EB80DE01AEFFEF9005DF145 /* Supporting Files */,
			);
			path = TimpleReaderTests;
			sourceTree = "<group>";
		};
		8EB80DE01AEFFEF9005DF145 /* Supporting Files */ = {
			isa = PBXGroup;
			children = (
				8EB80DE11AEFFEF9005DF145 /* Info.plist */,
			);
			name = "Supporting Files";
			sourceTree = "<group>";
		};
		8EB80DEC1AEFFF20005DF145 /* Models */ = {
			isa = PBXGroup;
			children = (
				8EB80DED1AEFFF2B005DF145 /* TSONew.h */,
				8EB80DEE1AEFFF2B005DF145 /* TSONew.m */,
			);
			name = Models;
			sourceTree = "<group>";
		};
		8EB80DF01AEFFF30005DF145 /* Controllers */ = {
			isa = PBXGroup;
			children = (
				8EB80DFA1AF000FE005DF145 /* TSONewsTableViewController.h */,
				8EB80DFB1AF000FE005DF145 /* TSONewsTableViewController.m */,
				8EB80E021AF0D4F9005DF145 /* TSONewViewController.h */,
				8EB80E031AF0D4F9005DF145 /* TSONewViewController.m */,
			);
			name = Controllers;
			sourceTree = "<group>";
		};
		8EB80DFD1AF001FD005DF145 /* Resources */ = {
			isa = PBXGroup;
			children = (
				8EB80DFE1AF00214005DF145 /* nophoto.png */,
				8EB80DFF1AF00214005DF145 /* no_photo_cell.png */,
			);
			name = Resources;
			sourceTree = "<group>";
		};
		8EB80E071AF142C5005DF145 /* GA Resources */ = {
			isa = PBXGroup;
			children = (
				8EB80E121AF14319005DF145 /* libAdIdAccess.a */,
				8EB80E131AF14319005DF145 /* libGoogleAnalyticsServices.a */,
				8EB80E081AF142EF005DF145 /* GAI.h */,
				8EB80E091AF142EF005DF145 /* GAIDictionaryBuilder.h */,
				8EB80E0A1AF142EF005DF145 /* GAIEcommerceFields.h */,
				8EB80E0B1AF142EF005DF145 /* GAIEcommerceProduct.h */,
				8EB80E0C1AF142EF005DF145 /* GAIEcommerceProductAction.h */,
				8EB80E0D1AF142EF005DF145 /* GAIEcommercePromotion.h */,
				8EB80E0E1AF142EF005DF145 /* GAIFields.h */,
				8EB80E0F1AF142EF005DF145 /* GAILogger.h */,
				8EB80E101AF142EF005DF145 /* GAITrackedViewController.h */,
				8EB80E111AF142EF005DF145 /* GAITracker.h */,
			);
			name = "GA Resources";
			sourceTree = "<group>";
		};
/* End PBXGroup section */

/* Begin PBXNativeTarget section */
		8EB80DC21AEFFEF9005DF145 /* TimpleReader */ = {
			isa = PBXNativeTarget;
			buildConfigurationList = 8EB80DE61AEFFEF9005DF145 /* Build configuration list for PBXNativeTarget "TimpleReader" */;
			buildPhases = (
				8EB80DBF1AEFFEF9005DF145 /* Sources */,
				8EB80DC01AEFFEF9005DF145 /* Frameworks */,
				8EB80DC11AEFFEF9005DF145 /* Resources */,
			);
			buildRules = (
			);
			dependencies = (
			);
			name = TimpleReader;
			productName = TimpleReader;
			productReference = 8EB80DC31AEFFEF9005DF145 /* TimpleReader.app */;
			productType = "com.apple.product-type.application";
		};
		8EB80DDB1AEFFEF9005DF145 /* TimpleReaderTests */ = {
			isa = PBXNativeTarget;
			buildConfigurationList = 8EB80DE91AEFFEF9005DF145 /* Build configuration list for PBXNativeTarget "TimpleReaderTests" */;
			buildPhases = (
				8EB80DD81AEFFEF9005DF145 /* Sources */,
				8EB80DD91AEFFEF9005DF145 /* Frameworks */,
				8EB80DDA1AEFFEF9005DF145 /* Resources */,
			);
			buildRules = (
			);
			dependencies = (
				8EB80DDE1AEFFEF9005DF145 /* PBXTargetDependency */,
			);
			name = TimpleReaderTests;
			productName = TimpleReaderTests;
			productReference = 8EB80DDC1AEFFEF9005DF145 /* TimpleReaderTests.xctest */;
			productType = "com.apple.product-type.bundle.unit-test";
		};
/* End PBXNativeTarget section */

/* Begin PBXProject section */
		8EB80DBB1AEFFEF9005DF145 /* Project object */ = {
			isa = PBXProject;
			attributes = {
				LastUpgradeCheck = 0630;
				ORGANIZATIONNAME = TimpleSoft;
				TargetAttributes = {
					8EB80DC21AEFFEF9005DF145 = {
						CreatedOnToolsVersion = 6.3.1;
					};
					8EB80DDB1AEFFEF9005DF145 = {
						CreatedOnToolsVersion = 6.3.1;
						TestTargetID = 8EB80DC21AEFFEF9005DF145;
					};
				};
			};
			buildConfigurationList = 8EB80DBE1AEFFEF9005DF145 /* Build configuration list for PBXProject "TimpleReader" */;
			compatibilityVersion = "Xcode 3.2";
			developmentRegion = English;
			hasScannedForEncodings = 0;
			knownRegions = (
				en,
				Base,
			);
			mainGroup = 8EB80DBA1AEFFEF9005DF145;
			productRefGroup = 8EB80DC41AEFFEF9005DF145 /* Products */;
			projectDirPath = "";
			projectRoot = "";
			targets = (
				8EB80DC21AEFFEF9005DF145 /* TimpleReader */,
				8EB80DDB1AEFFEF9005DF145 /* TimpleReaderTests */,
			);
		};
/* End PBXProject section */

/* Begin PBXResourcesBuildPhase section */
		8EB80DC11AEFFEF9005DF145 /* Resources */ = {
			isa = PBXResourcesBuildPhase;
			buildActionMask = 2147483647;
			files = (
				8EB80DD21AEFFEF9005DF145 /* Main.storyboard in Resources */,
				8EB80E001AF00214005DF145 /* nophoto.png in Resources */,
				8EB80DD71AEFFEF9005DF145 /* LaunchScreen.xib in Resources */,
				8EB80DD41AEFFEF9005DF145 /* Images.xcassets in Resources */,
				8EB80E011AF00214005DF145 /* no_photo_cell.png in Resources */,
			);
			runOnlyForDeploymentPostprocessing = 0;
		};
		8EB80DDA1AEFFEF9005DF145 /* Resources */ = {
			isa = PBXResourcesBuildPhase;
			buildActionMask = 2147483647;
			files = (
			);
			runOnlyForDeploymentPostprocessing = 0;
		};
/* End PBXResourcesBuildPhase section */

/* Begin PBXSourcesBuildPhase section */
		8EB80DBF1AEFFEF9005DF145 /* Sources */ = {
			isa = PBXSourcesBuildPhase;
			buildActionMask = 2147483647;
			files = (
				8EB80DCC1AEFFEF9005DF145 /* AppDelegate.m in Sources */,
				8EB80DC91AEFFEF9005DF145 /* main.m in Sources */,
				8EB80DFC1AF000FE005DF145 /* TSONewsTableViewController.m in Sources */,
				8EB80DEF1AEFFF2B005DF145 /* TSONew.m in Sources */,
				8EB80E041AF0D4F9005DF145 /* TSONewViewController.m in Sources */,
			);
			runOnlyForDeploymentPostprocessing = 0;
		};
		8EB80DD81AEFFEF9005DF145 /* Sources */ = {
			isa = PBXSourcesBuildPhase;
			buildActionMask = 2147483647;
			files = (
				8EB80DE31AEFFEF9005DF145 /* TimpleReaderTests.m in Sources */,
			);
			runOnlyForDeploymentPostprocessing = 0;
		};
/* End PBXSourcesBuildPhase section */

/* Begin PBXTargetDependency section */
		8EB80DDE1AEFFEF9005DF145 /* PBXTargetDependency */ = {
			isa = PBXTargetDependency;
			target = 8EB80DC21AEFFEF9005DF145 /* TimpleReader */;
			targetProxy = 8EB80DDD1AEFFEF9005DF145 /* PBXContainerItemProxy */;
		};
/* End PBXTargetDependency section */

/* Begin PBXVariantGroup section */
		8EB80DD01AEFFEF9005DF145 /* Main.storyboard */ = {
			isa = PBXVariantGroup;
			children = (
				8EB80DD11AEFFEF9005DF145 /* Base */,
			);
			name = Main.storyboard;
			sourceTree = "<group>";
		};
		8EB80DD51AEFFEF9005DF145 /* LaunchScreen.xib */ = {
			isa = PBXVariantGroup;
			children = (
				8EB80DD61AEFFEF9005DF145 /* Base */,
			);
			name = LaunchScreen.xib;
			sourceTree = "<group>";
		};
/* End PBXVariantGroup section */

/* Begin XCBuildConfiguration section */
		8EB80DE41AEFFEF9005DF145 /* Debug */ = {
			isa = XCBuildConfiguration;
			buildSettings = {
				ALWAYS_SEARCH_USER_PATHS = NO;
				CLANG_CXX_LANGUAGE_STANDARD = "gnu++0x";
				CLANG_CXX_LIBRARY = "libc++";
				CLANG_ENABLE_MODULES = YES;
				CLANG_ENABLE_OBJC_ARC = YES;
				CLANG_WARN_BOOL_CONVERSION = YES;
				CLANG_WARN_CONSTANT_CONVERSION = YES;
				CLANG_WARN_DIRECT_OBJC_ISA_USAGE = YES_ERROR;
				CLANG_WARN_EMPTY_BODY = YES;
				CLANG_WARN_ENUM_CONVERSION = YES;
				CLANG_WARN_INT_CONVERSION = YES;
				CLANG_WARN_OBJC_ROOT_CLASS = YES_ERROR;
				CLANG_WARN_UNREACHABLE_CODE = YES;
				CLANG_WARN__DUPLICATE_METHOD_MATCH = YES;
				"CODE_SIGN_IDENTITY[sdk=iphoneos*]" = "iPhone Developer";
				COPY_PHASE_STRIP = NO;
				DEBUG_INFORMATION_FORMAT = "dwarf-with-dsym";
				ENABLE_STRICT_OBJC_MSGSEND = YES;
				GCC_C_LANGUAGE_STANDARD = gnu99;
				GCC_DYNAMIC_NO_PIC = NO;
				GCC_NO_COMMON_BLOCKS = YES;
				GCC_OPTIMIZATION_LEVEL = 0;
				GCC_PREPROCESSOR_DEFINITIONS = (
					"DEBUG=1",
					"$(inherited)",
				);
				GCC_SYMBOLS_PRIVATE_EXTERN = NO;
				GCC_WARN_64_TO_32_BIT_CONVERSION = YES;
				GCC_WARN_ABOUT_RETURN_TYPE = YES_ERROR;
				GCC_WARN_UNDECLARED_SELECTOR = YES;
				GCC_WARN_UNINITIALIZED_AUTOS = YES_AGGRESSIVE;
				GCC_WARN_UNUSED_FUNCTION = YES;
				GCC_WARN_UNUSED_VARIABLE = YES;
				IPHONEOS_DEPLOYMENT_TARGET = 8.3;
				MTL_ENABLE_DEBUG_INFO = YES;
				ONLY_ACTIVE_ARCH = YES;
				SDKROOT = iphoneos;
			};
			name = Debug;
		};
		8EB80DE51AEFFEF9005DF145 /* Release */ = {
			isa = XCBuildConfiguration;
			buildSettings = {
				ALWAYS_SEARCH_USER_PATHS = NO;
				CLANG_CXX_LANGUAGE_STANDARD = "gnu++0x";
				CLANG_CXX_LIBRARY = "libc++";
				CLANG_ENABLE_MODULES = YES;
				CLANG_ENABLE_OBJC_ARC = YES;
				CLANG_WARN_BOOL_CONVERSION = YES;
				CLANG_WARN_CONSTANT_CONVERSION = YES;
				CLANG_WARN_DIRECT_OBJC_ISA_USAGE = YES_ERROR;
				CLANG_WARN_EMPTY_BODY = YES;
				CLANG_WARN_ENUM_CONVERSION = YES;
				CLANG_WARN_INT_CONVERSION = YES;
				CLANG_WARN_OBJC_ROOT_CLASS = YES_ERROR;
				CLANG_WARN_UNREACHABLE_CODE = YES;
				CLANG_WARN__DUPLICATE_METHOD_MATCH = YES;
				"CODE_SIGN_IDENTITY[sdk=iphoneos*]" = "iPhone Developer";
				COPY_PHASE_STRIP = NO;
				DEBUG_INFORMATION_FORMAT = "dwarf-with-dsym";
				ENABLE_NS_ASSERTIONS = NO;
				ENABLE_STRICT_OBJC_MSGSEND = YES;
				GCC_C_LANGUAGE_STANDARD = gnu99;
				GCC_NO_COMMON_BLOCKS = YES;
				GCC_WARN_64_TO_32_BIT_CONVERSION = YES;
				GCC_WARN_ABOUT_RETURN_TYPE = YES_ERROR;
				GCC_WARN_UNDECLARED_SELECTOR = YES;
				GCC_WARN_UNINITIALIZED_AUTOS = YES_AGGRESSIVE;
				GCC_WARN_UNUSED_FUNCTION = YES;
				GCC_WARN_UNUSED_VARIABLE = YES;
				IPHONEOS_DEPLOYMENT_TARGET = 8.3;
				MTL_ENABLE_DEBUG_INFO = NO;
				SDKROOT = iphoneos;
				VALIDATE_PRODUCT = YES;
			};
			name = Release;
		};
		8EB80DE71AEFFEF9005DF145 /* Debug */ = {
			isa = XCBuildConfiguration;
			buildSettings = {
				ASSETCATALOG_COMPILER_APPICON_NAME = AppIcon;
				FRAMEWORK_SEARCH_PATHS = (
					"$(inherited)",
					"$(PROJECT_DIR)",
				);
				INFOPLIST_FILE = TimpleReader/Info.plist;
				LD_RUNPATH_SEARCH_PATHS = "$(inherited) @executable_path/Frameworks";
				LIBRARY_SEARCH_PATHS = (
					"$(inherited)",
					"$(PROJECT_DIR)",
				);
				PRODUCT_NAME = "$(TARGET_NAME)";
			};
			name = Debug;
		};
		8EB80DE81AEFFEF9005DF145 /* Release */ = {
			isa = XCBuildConfiguration;
			buildSettings = {
				ASSETCATALOG_COMPILER_APPICON_NAME = AppIcon;
				FRAMEWORK_SEARCH_PATHS = (
					"$(inherited)",
					"$(PROJECT_DIR)",
				);
				INFOPLIST_FILE = TimpleReader/Info.plist;
				LD_RUNPATH_SEARCH_PATHS = "$(inherited) @executable_path/Frameworks";
				LIBRARY_SEARCH_PATHS = (
					"$(inherited)",
					"$(PROJECT_DIR)",
				);
				PRODUCT_NAME = "$(TARGET_NAME)";
			};
			name = Release;
		};
		8EB80DEA1AEFFEF9005DF145 /* Debug */ = {
			isa = XCBuildConfiguration;
			buildSettings = {
				BUNDLE_LOADER = "$(TEST_HOST)";
				FRAMEWORK_SEARCH_PATHS = (
					"$(SDKROOT)/Developer/Library/Frameworks",
					"$(inherited)",
				);
				GCC_PREPROCESSOR_DEFINITIONS = (
					"DEBUG=1",
					"$(inherited)",
				);
				INFOPLIST_FILE = TimpleReaderTests/Info.plist;
				LD_RUNPATH_SEARCH_PATHS = "$(inherited) @executable_path/Frameworks @loader_path/Frameworks";
				PRODUCT_NAME = "$(TARGET_NAME)";
				TEST_HOST = "$(BUILT_PRODUCTS_DIR)/TimpleReader.app/TimpleReader";
			};
			name = Debug;
		};
		8EB80DEB1AEFFEF9005DF145 /* Release */ = {
			isa = XCBuildConfiguration;
			buildSettings = {
				BUNDLE_LOADER = "$(TEST_HOST)";
				FRAMEWORK_SEARCH_PATHS = (
					"$(SDKROOT)/Developer/Library/Frameworks",
					"$(inherited)",
				);
				INFOPLIST_FILE = TimpleReaderTests/Info.plist;
				LD_RUNPATH_SEARCH_PATHS = "$(inherited) @executable_path/Frameworks @loader_path/Frameworks";
				PRODUCT_NAME = "$(TARGET_NAME)";
				TEST_HOST = "$(BUILT_PRODUCTS_DIR)/TimpleReader.app/TimpleReader";
			};
			name = Release;
		};
/* End XCBuildConfiguration section */

/* Begin XCConfigurationList section */
		8EB80DBE1AEFFEF9005DF145 /* Build configuration list for PBXProject "TimpleReader" */ = {
			isa = XCConfigurationList;
			buildConfigurations = (
				8EB80DE41AEFFEF9005DF145 /* Debug */,
				8EB80DE51AEFFEF9005DF145 /* Release */,
			);
			defaultConfigurationIsVisible = 0;
			defaultConfigurationName = Release;
		};
		8EB80DE61AEFFEF9005DF145 /* Build configuration list for PBXNativeTarget "TimpleReader" */ = {
			isa = XCConfigurationList;
			buildConfigurations = (
				8EB80DE71AEFFEF9005DF145 /* Debug */,
				8EB80DE81AEFFEF9005DF145 /* Release */,
			);
			defaultConfigurationIsVisible = 0;
			defaultConfigurationName = Release;
		};
		8EB80DE91AEFFEF9005DF145 /* Build configuration list for PBXNativeTarget "TimpleReaderTests" */ = {
			isa = XCConfigurationList;
			buildConfigurations = (
				8EB80DEA1AEFFEF9005DF145 /* Debug */,
				8EB80DEB1AEFFEF9005DF145 /* Release */,
			);
			defaultConfigurationIsVisible = 0;
			defaultConfigurationName = Release;
		};
/* End XCConfigurationList section */
	};
	rootObject = 8EB80DBB1AEFFEF9005DF145 /* Project object */;
}
